
Microsoft Visual Studio Solution File, Format Version 11.00
# Visual Studio 2010
Project("{2150E333-8FDC-42A3-9474-1A3956D46DE8}") = ".nuget", ".nuget", "{0C7A4B55-44D4-456E-9C6A-D35AB59DA5FD}"
	ProjectSection(SolutionItems) = preProject
		.nuget\NuGet.Config = .nuget\NuGet.Config
		.nuget\NuGet.exe = .nuget\NuGet.exe
		.nuget\NuGet.targets = .nuget\NuGet.targets
	EndProjectSection
EndProject
Project("{FAE04EC0-301F-11D3-BF4B-00C04F79EFBC}") = "DDD.Light.Repo.Contracts", "DDD.Light.Repo.Contracts\DDD.Light.Repo.Contracts.csproj", "{E275A12B-521A-4D92-AD1E-3DA98B106009}"
EndProject
Project("{FAE04EC0-301F-11D3-BF4B-00C04F79EFBC}") = "DDD.Light.Repo.MongoDB", "DDD.Light.Repo.MongoDB\DDD.Light.Repo.MongoDB.csproj", "{AD1F872F-E8C6-41C7-A7F0-21CCB3AE1EC1}"
EndProject
Project("{2150E333-8FDC-42A3-9474-1A3956D46DE8}") = "Examples", "Examples", "{4A007E91-23DA-4167-8A81-D3959EDBEAFD}"
EndProject
Project("{FAE04EC0-301F-11D3-BF4B-00C04F79EFBC}") = "DDD.Light.Repo.MongoDB.Example", "Examples\DDD.Light.Repo.MongoDB.Example\DDD.Light.Repo.MongoDB.Example.csproj", "{9C7EAFC1-0BBE-463C-87D0-1441004BC996}"
EndProject
Project("{FAE04EC0-301F-11D3-BF4B-00C04F79EFBC}") = "DDD.Light.EventStore.Contracts", "DDD.Light.EventStore.Contracts\DDD.Light.EventStore.Contracts.csproj", "{3DF5D3BE-8199-4E2D-B80E-8D201A4476F3}"
EndProject
Project("{FAE04EC0-301F-11D3-BF4B-00C04F79EFBC}") = "DDD.Light.CQRS.Contracts", "DDD.Light.CQRS.Contracts\DDD.Light.CQRS.Contracts.csproj", "{72223ABD-AA42-44E1-8E95-FD26036C13BD}"
EndProject
Project("{FAE04EC0-301F-11D3-BF4B-00C04F79EFBC}") = "DDD.Light.CQRS.InProcess", "DDD.Light.CQRS.InProcess\DDD.Light.CQRS.InProcess.csproj", "{80F4D478-672E-4687-9997-0EDF466D55A8}"
EndProject
Project("{FAE04EC0-301F-11D3-BF4B-00C04F79EFBC}") = "DDD.Light.EventStore", "DDD.Light.EventStore.MongoDB\DDD.Light.EventStore.csproj", "{5BC75F9C-E63F-498F-8FA7-7A7A19F2DD90}"
EndProject
Project("{FAE04EC0-301F-11D3-BF4B-00C04F79EFBC}") = "DDD.Light.CQRS.Example", "Examples\DDD.Light.CQRS.Example\DDD.Light.CQRS.Example.csproj", "{B3728D35-D9DF-45DD-AA97-A60662805968}"
EndProject
Project("{FAE04EC0-301F-11D3-BF4B-00C04F79EFBC}") = "DDD.Light.EventStore.MongoDB.Example", "Examples\DDD.Light.EventStore.MongoDB.Example\DDD.Light.EventStore.MongoDB.Example.csproj", "{EAA67410-4AA1-4B02-B70B-9C6A52506584}"
EndProject
Project("{2150E333-8FDC-42A3-9474-1A3956D46DE8}") = "RealtorApp", "RealtorApp", "{A89C9590-E129-49D0-BD65-EC62A31349E9}"
EndProject
Project("{FAE04EC0-301F-11D3-BF4B-00C04F79EFBC}") = "DDD.Light.Realtor.Domain", "Examples\RealtorApp\DDD.Light.Realtor.Domain\DDD.Light.Realtor.Domain.csproj", "{DA3613C6-0F35-492E-89DA-49560CA56BFF}"
EndProject
Project("{FAE04EC0-301F-11D3-BF4B-00C04F79EFBC}") = "DDD.Light.Realtor.API", "Examples\RealtorApp\DDD.Light.Realtor.API\DDD.Light.Realtor.API.csproj", "{90C52FD6-3998-4A1C-8682-59002C7B6AA4}"
EndProject
Project("{FAE04EC0-301F-11D3-BF4B-00C04F79EFBC}") = "DDD.Light.Realtor.Application", "Examples\RealtorApp\DDD.Light.Realtor.Application\DDD.Light.Realtor.Application.csproj", "{AFA2227D-796B-41CE-B34F-2C917C8F959C}"
EndProject
Project("{FAE04EC0-301F-11D3-BF4B-00C04F79EFBC}") = "DDD.Light.Realtor.REST.API", "Examples\RealtorApp\DDD.Light.Realtor.REST.API\DDD.Light.Realtor.REST.API.csproj", "{B935F0E4-A28A-4022-8BB9-ED4041691072}"
EndProject
Project("{2150E333-8FDC-42A3-9474-1A3956D46DE8}") = "Solution Items", "Solution Items", "{09CD37FF-B011-413B-BC0C-480F215D9518}"
	ProjectSection(SolutionItems) = preProject
		MIT-LICENSE.txt = MIT-LICENSE.txt
	EndProjectSection
EndProject
Project("{2150E333-8FDC-42A3-9474-1A3956D46DE8}") = "Contracts", "Contracts", "{0C724F83-64A7-415D-94C7-A6D0FCB2E62D}"
EndProject
Project("{2150E333-8FDC-42A3-9474-1A3956D46DE8}") = "Implementations", "Implementations", "{9488E8F7-7D78-418B-BAEB-442A8E19274E}"
EndProject
Project("{FAE04EC0-301F-11D3-BF4B-00C04F79EFBC}") = "DDD.Light.AggregateCache.Contracts", "DDD.Light.AggregateCache.Contracts\DDD.Light.AggregateCache.Contracts.csproj", "{84090A02-667B-456F-9FAF-13B6A9DF4765}"
EndProject
Project("{FAE04EC0-301F-11D3-BF4B-00C04F79EFBC}") = "DDD.Light.AggregateCache.InMemory", "DDD.Light.AggregateCache.InMemory\DDD.Light.AggregateCache.InMemory.csproj", "{FD19D68A-20F0-4A55-AAD4-504D44A3592D}"
EndProject
Project("{FAE04EC0-301F-11D3-BF4B-00C04F79EFBC}") = "DDD.Light.AggregateBus.Contracts", "DDD.Light.AggregateBus.Contracts\DDD.Light.AggregateBus.Contracts.csproj", "{F8AB8E9D-8208-4CDC-B6F6-DD9E4CF72B8E}"
EndProject
Project("{FAE04EC0-301F-11D3-BF4B-00C04F79EFBC}") = "DDD.Light.AggregateBus.InProcess", "DDD.Light.AggregateBus.InProcess\DDD.Light.AggregateBus.InProcess.csproj", "{5F931A52-5208-400C-AAB9-AA50E36F09EC}"
EndProject
Project("{2150E333-8FDC-42A3-9474-1A3956D46DE8}") = "Tests", "Tests", "{6EE7ABD8-EA98-494F-B248-AA64F34CFD4B}"
EndProject
Project("{FAE04EC0-301F-11D3-BF4B-00C04F79EFBC}") = "DDD.Light.CQRS.InProcess.Tests", "Tests\DDD.Light.CQRS.InProcess.Tests\DDD.Light.CQRS.InProcess.Tests.csproj", "{DA541BAE-4358-41EE-BE73-9EF3534E4C78}"
EndProject
Project("{FAE04EC0-301F-11D3-BF4B-00C04F79EFBC}") = "DDD.Light.Repo.InMemory", "DDD.Light.Repo.InMemory\DDD.Light.Repo.InMemory.csproj", "{0D146339-2755-4610-BD55-5C2FEDFA02A5}"
EndProject
Global
	GlobalSection(SolutionConfigurationPlatforms) = preSolution
		Debug|Any CPU = Debug|Any CPU
		Debug|Mixed Platforms = Debug|Mixed Platforms
		Debug|x86 = Debug|x86
		Release|Any CPU = Release|Any CPU
		Release|Mixed Platforms = Release|Mixed Platforms
		Release|x86 = Release|x86
	EndGlobalSection
	GlobalSection(ProjectConfigurationPlatforms) = postSolution
		{E275A12B-521A-4D92-AD1E-3DA98B106009}.Debug|Any CPU.ActiveCfg = Debug|Any CPU
		{E275A12B-521A-4D92-AD1E-3DA98B106009}.Debug|Any CPU.Build.0 = Debug|Any CPU
		{E275A12B-521A-4D92-AD1E-3DA98B106009}.Debug|Mixed Platforms.ActiveCfg = Debug|Any CPU
		{E275A12B-521A-4D92-AD1E-3DA98B106009}.Debug|Mixed Platforms.Build.0 = Debug|Any CPU
		{E275A12B-521A-4D92-AD1E-3DA98B106009}.Debug|x86.ActiveCfg = Debug|Any CPU
		{E275A12B-521A-4D92-AD1E-3DA98B106009}.Release|Any CPU.ActiveCfg = Release|Any CPU
		{E275A12B-521A-4D92-AD1E-3DA98B106009}.Release|Any CPU.Build.0 = Release|Any CPU
		{E275A12B-521A-4D92-AD1E-3DA98B106009}.Release|Mixed Platforms.ActiveCfg = Release|Any CPU
		{E275A12B-521A-4D92-AD1E-3DA98B106009}.Release|Mixed Platforms.Build.0 = Release|Any CPU
		{E275A12B-521A-4D92-AD1E-3DA98B106009}.Release|x86.ActiveCfg = Release|Any CPU
		{AD1F872F-E8C6-41C7-A7F0-21CCB3AE1EC1}.Debug|Any CPU.ActiveCfg = Debug|Any CPU
		{AD1F872F-E8C6-41C7-A7F0-21CCB3AE1EC1}.Debug|Any CPU.Build.0 = Debug|Any CPU
		{AD1F872F-E8C6-41C7-A7F0-21CCB3AE1EC1}.Debug|Mixed Platforms.ActiveCfg = Debug|Any CPU
		{AD1F872F-E8C6-41C7-A7F0-21CCB3AE1EC1}.Debug|Mixed Platforms.Build.0 = Debug|Any CPU
		{AD1F872F-E8C6-41C7-A7F0-21CCB3AE1EC1}.Debug|x86.ActiveCfg = Debug|Any CPU
		{AD1F872F-E8C6-41C7-A7F0-21CCB3AE1EC1}.Release|Any CPU.ActiveCfg = Release|Any CPU
		{AD1F872F-E8C6-41C7-A7F0-21CCB3AE1EC1}.Release|Any CPU.Build.0 = Release|Any CPU
		{AD1F872F-E8C6-41C7-A7F0-21CCB3AE1EC1}.Release|Mixed Platforms.ActiveCfg = Release|Any CPU
		{AD1F872F-E8C6-41C7-A7F0-21CCB3AE1EC1}.Release|Mixed Platforms.Build.0 = Release|Any CPU
		{AD1F872F-E8C6-41C7-A7F0-21CCB3AE1EC1}.Release|x86.ActiveCfg = Release|Any CPU
		{9C7EAFC1-0BBE-463C-87D0-1441004BC996}.Debug|Any CPU.ActiveCfg = Debug|x86
		{9C7EAFC1-0BBE-463C-87D0-1441004BC996}.Debug|Mixed Platforms.ActiveCfg = Debug|x86
		{9C7EAFC1-0BBE-463C-87D0-1441004BC996}.Debug|Mixed Platforms.Build.0 = Debug|x86
		{9C7EAFC1-0BBE-463C-87D0-1441004BC996}.Debug|x86.ActiveCfg = Debug|x86
		{9C7EAFC1-0BBE-463C-87D0-1441004BC996}.Debug|x86.Build.0 = Debug|x86
		{9C7EAFC1-0BBE-463C-87D0-1441004BC996}.Release|Any CPU.ActiveCfg = Release|x86
		{9C7EAFC1-0BBE-463C-87D0-1441004BC996}.Release|Mixed Platforms.ActiveCfg = Release|x86
		{9C7EAFC1-0BBE-463C-87D0-1441004BC996}.Release|Mixed Platforms.Build.0 = Release|x86
		{9C7EAFC1-0BBE-463C-87D0-1441004BC996}.Release|x86.ActiveCfg = Release|x86
		{9C7EAFC1-0BBE-463C-87D0-1441004BC996}.Release|x86.Build.0 = Release|x86
		{3DF5D3BE-8199-4E2D-B80E-8D201A4476F3}.Debug|Any CPU.ActiveCfg = Debug|Any CPU
		{3DF5D3BE-8199-4E2D-B80E-8D201A4476F3}.Debug|Any CPU.Build.0 = Debug|Any CPU
		{3DF5D3BE-8199-4E2D-B80E-8D201A4476F3}.Debug|Mixed Platforms.ActiveCfg = Debug|Any CPU
		{3DF5D3BE-8199-4E2D-B80E-8D201A4476F3}.Debug|Mixed Platforms.Build.0 = Debug|Any CPU
		{3DF5D3BE-8199-4E2D-B80E-8D201A4476F3}.Debug|x86.ActiveCfg = Debug|Any CPU
		{3DF5D3BE-8199-4E2D-B80E-8D201A4476F3}.Release|Any CPU.ActiveCfg = Release|Any CPU
		{3DF5D3BE-8199-4E2D-B80E-8D201A4476F3}.Release|Any CPU.Build.0 = Release|Any CPU
		{3DF5D3BE-8199-4E2D-B80E-8D201A4476F3}.Release|Mixed Platforms.ActiveCfg = Release|Any CPU
		{3DF5D3BE-8199-4E2D-B80E-8D201A4476F3}.Release|Mixed Platforms.Build.0 = Release|Any CPU
		{3DF5D3BE-8199-4E2D-B80E-8D201A4476F3}.Release|x86.ActiveCfg = Release|Any CPU
		{72223ABD-AA42-44E1-8E95-FD26036C13BD}.Debug|Any CPU.ActiveCfg = Debug|Any CPU
		{72223ABD-AA42-44E1-8E95-FD26036C13BD}.Debug|Any CPU.Build.0 = Debug|Any CPU
		{72223ABD-AA42-44E1-8E95-FD26036C13BD}.Debug|Mixed Platforms.ActiveCfg = Debug|Any CPU
		{72223ABD-AA42-44E1-8E95-FD26036C13BD}.Debug|Mixed Platforms.Build.0 = Debug|Any CPU
		{72223ABD-AA42-44E1-8E95-FD26036C13BD}.Debug|x86.ActiveCfg = Debug|Any CPU
		{72223ABD-AA42-44E1-8E95-FD26036C13BD}.Release|Any CPU.ActiveCfg = Release|Any CPU
		{72223ABD-AA42-44E1-8E95-FD26036C13BD}.Release|Any CPU.Build.0 = Release|Any CPU
		{72223ABD-AA42-44E1-8E95-FD26036C13BD}.Release|Mixed Platforms.ActiveCfg = Release|Any CPU
		{72223ABD-AA42-44E1-8E95-FD26036C13BD}.Release|Mixed Platforms.Build.0 = Release|Any CPU
		{72223ABD-AA42-44E1-8E95-FD26036C13BD}.Release|x86.ActiveCfg = Release|Any CPU
		{80F4D478-672E-4687-9997-0EDF466D55A8}.Debug|Any CPU.ActiveCfg = Debug|Any CPU
		{80F4D478-672E-4687-9997-0EDF466D55A8}.Debug|Any CPU.Build.0 = Debug|Any CPU
		{80F4D478-672E-4687-9997-0EDF466D55A8}.Debug|Mixed Platforms.ActiveCfg = Debug|Any CPU
		{80F4D478-672E-4687-9997-0EDF466D55A8}.Debug|Mixed Platforms.Build.0 = Debug|Any CPU
		{80F4D478-672E-4687-9997-0EDF466D55A8}.Debug|x86.ActiveCfg = Debug|Any CPU
		{80F4D478-672E-4687-9997-0EDF466D55A8}.Release|Any CPU.ActiveCfg = Release|Any CPU
		{80F4D478-672E-4687-9997-0EDF466D55A8}.Release|Any CPU.Build.0 = Release|Any CPU
		{80F4D478-672E-4687-9997-0EDF466D55A8}.Release|Mixed Platforms.ActiveCfg = Release|Any CPU
		{80F4D478-672E-4687-9997-0EDF466D55A8}.Release|Mixed Platforms.Build.0 = Release|Any CPU
		{80F4D478-672E-4687-9997-0EDF466D55A8}.Release|x86.ActiveCfg = Release|Any CPU
		{5BC75F9C-E63F-498F-8FA7-7A7A19F2DD90}.Debug|Any CPU.ActiveCfg = Debug|Any CPU
		{5BC75F9C-E63F-498F-8FA7-7A7A19F2DD90}.Debug|Any CPU.Build.0 = Debug|Any CPU
		{5BC75F9C-E63F-498F-8FA7-7A7A19F2DD90}.Debug|Mixed Platforms.ActiveCfg = Debug|Any CPU
		{5BC75F9C-E63F-498F-8FA7-7A7A19F2DD90}.Debug|Mixed Platforms.Build.0 = Debug|Any CPU
		{5BC75F9C-E63F-498F-8FA7-7A7A19F2DD90}.Debug|x86.ActiveCfg = Debug|Any CPU
		{5BC75F9C-E63F-498F-8FA7-7A7A19F2DD90}.Release|Any CPU.ActiveCfg = Release|Any CPU
		{5BC75F9C-E63F-498F-8FA7-7A7A19F2DD90}.Release|Any CPU.Build.0 = Release|Any CPU
		{5BC75F9C-E63F-498F-8FA7-7A7A19F2DD90}.Release|Mixed Platforms.ActiveCfg = Release|Any CPU
		{5BC75F9C-E63F-498F-8FA7-7A7A19F2DD90}.Release|Mixed Platforms.Build.0 = Release|Any CPU
		{5BC75F9C-E63F-498F-8FA7-7A7A19F2DD90}.Release|x86.ActiveCfg = Release|Any CPU
		{B3728D35-D9DF-45DD-AA97-A60662805968}.Debug|Any CPU.ActiveCfg = Debug|x86
		{B3728D35-D9DF-45DD-AA97-A60662805968}.Debug|Mixed Platforms.ActiveCfg = Debug|x86
		{B3728D35-D9DF-45DD-AA97-A60662805968}.Debug|Mixed Platforms.Build.0 = Debug|x86
		{B3728D35-D9DF-45DD-AA97-A60662805968}.Debug|x86.ActiveCfg = Debug|x86
		{B3728D35-D9DF-45DD-AA97-A60662805968}.Debug|x86.Build.0 = Debug|x86
		{B3728D35-D9DF-45DD-AA97-A60662805968}.Release|Any CPU.ActiveCfg = Release|x86
		{B3728D35-D9DF-45DD-AA97-A60662805968}.Release|Mixed Platforms.ActiveCfg = Release|x86
		{B3728D35-D9DF-45DD-AA97-A60662805968}.Release|Mixed Platforms.Build.0 = Release|x86
		{B3728D35-D9DF-45DD-AA97-A60662805968}.Release|x86.ActiveCfg = Release|x86
		{B3728D35-D9DF-45DD-AA97-A60662805968}.Release|x86.Build.0 = Release|x86
		{EAA67410-4AA1-4B02-B70B-9C6A52506584}.Debug|Any CPU.ActiveCfg = Debug|x86
		{EAA67410-4AA1-4B02-B70B-9C6A52506584}.Debug|Mixed Platforms.ActiveCfg = Debug|x86
		{EAA67410-4AA1-4B02-B70B-9C6A52506584}.Debug|Mixed Platforms.Build.0 = Debug|x86
		{EAA67410-4AA1-4B02-B70B-9C6A52506584}.Debug|x86.ActiveCfg = Debug|x86
		{EAA67410-4AA1-4B02-B70B-9C6A52506584}.Debug|x86.Build.0 = Debug|x86
		{EAA67410-4AA1-4B02-B70B-9C6A52506584}.Release|Any CPU.ActiveCfg = Release|x86
		{EAA67410-4AA1-4B02-B70B-9C6A52506584}.Release|Mixed Platforms.ActiveCfg = Release|x86
		{EAA67410-4AA1-4B02-B70B-9C6A52506584}.Release|Mixed Platforms.Build.0 = Release|x86
		{EAA67410-4AA1-4B02-B70B-9C6A52506584}.Release|x86.ActiveCfg = Release|x86
		{EAA67410-4AA1-4B02-B70B-9C6A52506584}.Release|x86.Build.0 = Release|x86
		{DA3613C6-0F35-492E-89DA-49560CA56BFF}.Debug|Any CPU.ActiveCfg = Debug|Any CPU
		{DA3613C6-0F35-492E-89DA-49560CA56BFF}.Debug|Any CPU.Build.0 = Debug|Any CPU
		{DA3613C6-0F35-492E-89DA-49560CA56BFF}.Debug|Mixed Platforms.ActiveCfg = Debug|Any CPU
		{DA3613C6-0F35-492E-89DA-49560CA56BFF}.Debug|Mixed Platforms.Build.0 = Debug|Any CPU
		{DA3613C6-0F35-492E-89DA-49560CA56BFF}.Debug|x86.ActiveCfg = Debug|Any CPU
		{DA3613C6-0F35-492E-89DA-49560CA56BFF}.Release|Any CPU.ActiveCfg = Release|Any CPU
		{DA3613C6-0F35-492E-89DA-49560CA56BFF}.Release|Any CPU.Build.0 = Release|Any CPU
		{DA3613C6-0F35-492E-89DA-49560CA56BFF}.Release|Mixed Platforms.ActiveCfg = Release|Any CPU
		{DA3613C6-0F35-492E-89DA-49560CA56BFF}.Release|Mixed Platforms.Build.0 = Release|Any CPU
		{DA3613C6-0F35-492E-89DA-49560CA56BFF}.Release|x86.ActiveCfg = Release|Any CPU
		{90C52FD6-3998-4A1C-8682-59002C7B6AA4}.Debug|Any CPU.ActiveCfg = Debug|Any CPU
		{90C52FD6-3998-4A1C-8682-59002C7B6AA4}.Debug|Any CPU.Build.0 = Debug|Any CPU
		{90C52FD6-3998-4A1C-8682-59002C7B6AA4}.Debug|Mixed Platforms.ActiveCfg = Debug|Any CPU
		{90C52FD6-3998-4A1C-8682-59002C7B6AA4}.Debug|Mixed Platforms.Build.0 = Debug|Any CPU
		{90C52FD6-3998-4A1C-8682-59002C7B6AA4}.Debug|x86.ActiveCfg = Debug|Any CPU
		{90C52FD6-3998-4A1C-8682-59002C7B6AA4}.Release|Any CPU.ActiveCfg = Release|Any CPU
		{90C52FD6-3998-4A1C-8682-59002C7B6AA4}.Release|Any CPU.Build.0 = Release|Any CPU
		{90C52FD6-3998-4A1C-8682-59002C7B6AA4}.Release|Mixed Platforms.ActiveCfg = Release|Any CPU
		{90C52FD6-3998-4A1C-8682-59002C7B6AA4}.Release|Mixed Platforms.Build.0 = Release|Any CPU
		{90C52FD6-3998-4A1C-8682-59002C7B6AA4}.Release|x86.ActiveCfg = Release|Any CPU
		{AFA2227D-796B-41CE-B34F-2C917C8F959C}.Debug|Any CPU.ActiveCfg = Debug|Any CPU
		{AFA2227D-796B-41CE-B34F-2C917C8F959C}.Debug|Any CPU.Build.0 = Debug|Any CPU
		{AFA2227D-796B-41CE-B34F-2C917C8F959C}.Debug|Mixed Platforms.ActiveCfg = Debug|Any CPU
		{AFA2227D-796B-41CE-B34F-2C917C8F959C}.Debug|Mixed Platforms.Build.0 = Debug|Any CPU
		{AFA2227D-796B-41CE-B34F-2C917C8F959C}.Debug|x86.ActiveCfg = Debug|Any CPU
		{AFA2227D-796B-41CE-B34F-2C917C8F959C}.Release|Any CPU.ActiveCfg = Release|Any CPU
		{AFA2227D-796B-41CE-B34F-2C917C8F959C}.Release|Any CPU.Build.0 = Release|Any CPU
		{AFA2227D-796B-41CE-B34F-2C917C8F959C}.Release|Mixed Platforms.ActiveCfg = Release|Any CPU
		{AFA2227D-796B-41CE-B34F-2C917C8F959C}.Release|Mixed Platforms.Build.0 = Release|Any CPU
		{AFA2227D-796B-41CE-B34F-2C917C8F959C}.Release|x86.ActiveCfg = Release|Any CPU
		{B935F0E4-A28A-4022-8BB9-ED4041691072}.Debug|Any CPU.ActiveCfg = Debug|Any CPU
		{B935F0E4-A28A-4022-8BB9-ED4041691072}.Debug|Any CPU.Build.0 = Debug|Any CPU
		{B935F0E4-A28A-4022-8BB9-ED4041691072}.Debug|Mixed Platforms.ActiveCfg = Debug|Any CPU
		{B935F0E4-A28A-4022-8BB9-ED4041691072}.Debug|Mixed Platforms.Build.0 = Debug|Any CPU
		{B935F0E4-A28A-4022-8BB9-ED4041691072}.Debug|x86.ActiveCfg = Debug|Any CPU
		{B935F0E4-A28A-4022-8BB9-ED4041691072}.Release|Any CPU.ActiveCfg = Release|Any CPU
		{B935F0E4-A28A-4022-8BB9-ED4041691072}.Release|Any CPU.Build.0 = Release|Any CPU
		{B935F0E4-A28A-4022-8BB9-ED4041691072}.Release|Mixed Platforms.ActiveCfg = Release|Any CPU
		{B935F0E4-A28A-4022-8BB9-ED4041691072}.Release|Mixed Platforms.Build.0 = Release|Any CPU
		{B935F0E4-A28A-4022-8BB9-ED4041691072}.Release|x86.ActiveCfg = Release|Any CPU
		{84090A02-667B-456F-9FAF-13B6A9DF4765}.Debug|Any CPU.ActiveCfg = Debug|Any CPU
		{84090A02-667B-456F-9FAF-13B6A9DF4765}.Debug|Any CPU.Build.0 = Debug|Any CPU
		{84090A02-667B-456F-9FAF-13B6A9DF4765}.Debug|Mixed Platforms.ActiveCfg = Debug|Any CPU
		{84090A02-667B-456F-9FAF-13B6A9DF4765}.Debug|Mixed Platforms.Build.0 = Debug|Any CPU
		{84090A02-667B-456F-9FAF-13B6A9DF4765}.Debug|x86.ActiveCfg = Debug|Any CPU
		{84090A02-667B-456F-9FAF-13B6A9DF4765}.Release|Any CPU.ActiveCfg = Release|Any CPU
		{84090A02-667B-456F-9FAF-13B6A9DF4765}.Release|Any CPU.Build.0 = Release|Any CPU
		{84090A02-667B-456F-9FAF-13B6A9DF4765}.Release|Mixed Platforms.ActiveCfg = Release|Any CPU
		{84090A02-667B-456F-9FAF-13B6A9DF4765}.Release|Mixed Platforms.Build.0 = Release|Any CPU
		{84090A02-667B-456F-9FAF-13B6A9DF4765}.Release|x86.ActiveCfg = Release|Any CPU
		{FD19D68A-20F0-4A55-AAD4-504D44A3592D}.Debug|Any CPU.ActiveCfg = Debug|Any CPU
		{FD19D68A-20F0-4A55-AAD4-504D44A3592D}.Debug|Any CPU.Build.0 = Debug|Any CPU
		{FD19D68A-20F0-4A55-AAD4-504D44A3592D}.Debug|Mixed Platforms.ActiveCfg = Debug|Any CPU
		{FD19D68A-20F0-4A55-AAD4-504D44A3592D}.Debug|Mixed Platforms.Build.0 = Debug|Any CPU
		{FD19D68A-20F0-4A55-AAD4-504D44A3592D}.Debug|x86.ActiveCfg = Debug|Any CPU
		{FD19D68A-20F0-4A55-AAD4-504D44A3592D}.Release|Any CPU.ActiveCfg = Release|Any CPU
		{FD19D68A-20F0-4A55-AAD4-504D44A3592D}.Release|Any CPU.Build.0 = Release|Any CPU
		{FD19D68A-20F0-4A55-AAD4-504D44A3592D}.Release|Mixed Platforms.ActiveCfg = Release|Any CPU
		{FD19D68A-20F0-4A55-AAD4-504D44A3592D}.Release|Mixed Platforms.Build.0 = Release|Any CPU
		{FD19D68A-20F0-4A55-AAD4-504D44A3592D}.Release|x86.ActiveCfg = Release|Any CPU
		{F8AB8E9D-8208-4CDC-B6F6-DD9E4CF72B8E}.Debug|Any CPU.ActiveCfg = Debug|Any CPU
		{F8AB8E9D-8208-4CDC-B6F6-DD9E4CF72B8E}.Debug|Any CPU.Build.0 = Debug|Any CPU
		{F8AB8E9D-8208-4CDC-B6F6-DD9E4CF72B8E}.Debug|Mixed Platforms.ActiveCfg = Debug|Any CPU
		{F8AB8E9D-8208-4CDC-B6F6-DD9E4CF72B8E}.Debug|Mixed Platforms.Build.0 = Debug|Any CPU
		{F8AB8E9D-8208-4CDC-B6F6-DD9E4CF72B8E}.Debug|x86.ActiveCfg = Debug|Any CPU
		{F8AB8E9D-8208-4CDC-B6F6-DD9E4CF72B8E}.Release|Any CPU.ActiveCfg = Release|Any CPU
		{F8AB8E9D-8208-4CDC-B6F6-DD9E4CF72B8E}.Release|Any CPU.Build.0 = Release|Any CPU
		{F8AB8E9D-8208-4CDC-B6F6-DD9E4CF72B8E}.Release|Mixed Platforms.ActiveCfg = Release|Any CPU
		{F8AB8E9D-8208-4CDC-B6F6-DD9E4CF72B8E}.Release|Mixed Platforms.Build.0 = Release|Any CPU
		{F8AB8E9D-8208-4CDC-B6F6-DD9E4CF72B8E}.Release|x86.ActiveCfg = Release|Any CPU
		{5F931A52-5208-400C-AAB9-AA50E36F09EC}.Debug|Any CPU.ActiveCfg = Debug|Any CPU
		{5F931A52-5208-400C-AAB9-AA50E36F09EC}.Debug|Any CPU.Build.0 = Debug|Any CPU
		{5F931A52-5208-400C-AAB9-AA50E36F09EC}.Debug|Mixed Platforms.ActiveCfg = Debug|Any CPU
		{5F931A52-5208-400C-AAB9-AA50E36F09EC}.Debug|Mixed Platforms.Build.0 = Debug|Any CPU
		{5F931A52-5208-400C-AAB9-AA50E36F09EC}.Debug|x86.ActiveCfg = Debug|Any CPU
		{5F931A52-5208-400C-AAB9-AA50E36F09EC}.Release|Any CPU.ActiveCfg = Release|Any CPU
		{5F931A52-5208-400C-AAB9-AA50E36F09EC}.Release|Any CPU.Build.0 = Release|Any CPU
		{5F931A52-5208-400C-AAB9-AA50E36F09EC}.Release|Mixed Platforms.ActiveCfg = Release|Any CPU
		{5F931A52-5208-400C-AAB9-AA50E36F09EC}.Release|Mixed Platforms.Build.0 = Release|Any CPU
		{5F931A52-5208-400C-AAB9-AA50E36F09EC}.Release|x86.ActiveCfg = Release|Any CPU
		{DA541BAE-4358-41EE-BE73-9EF3534E4C78}.Debug|Any CPU.ActiveCfg = Debug|Any CPU
		{DA541BAE-4358-41EE-BE73-9EF3534E4C78}.Debug|Any CPU.Build.0 = Debug|Any CPU
		{DA541BAE-4358-41EE-BE73-9EF3534E4C78}.Debug|Mixed Platforms.ActiveCfg = Debug|Any CPU
		{DA541BAE-4358-41EE-BE73-9EF3534E4C78}.Debug|Mixed Platforms.Build.0 = Debug|Any CPU
		{DA541BAE-4358-41EE-BE73-9EF3534E4C78}.Debug|x86.ActiveCfg = Debug|Any CPU
		{DA541BAE-4358-41EE-BE73-9EF3534E4C78}.Release|Any CPU.ActiveCfg = Release|Any CPU
		{DA541BAE-4358-41EE-BE73-9EF3534E4C78}.Release|Any CPU.Build.0 = Release|Any CPU
		{DA541BAE-4358-41EE-BE73-9EF3534E4C78}.Release|Mixed Platforms.ActiveCfg = Release|Any CPU
		{DA541BAE-4358-41EE-BE73-9EF3534E4C78}.Release|Mixed Platforms.Build.0 = Release|Any CPU
		{DA541BAE-4358-41EE-BE73-9EF3534E4C78}.Release|x86.ActiveCfg = Release|Any CPU
		{0D146339-2755-4610-BD55-5C2FEDFA02A5}.Debug|Any CPU.ActiveCfg = Debug|Any CPU
		{0D146339-2755-4610-BD55-5C2FEDFA02A5}.Debug|Any CPU.Build.0 = Debug|Any CPU
		{0D146339-2755-4610-BD55-5C2FEDFA02A5}.Debug|Mixed Platforms.ActiveCfg = Debug|Any CPU
		{0D146339-2755-4610-BD55-5C2FEDFA02A5}.Debug|Mixed Platforms.Build.0 = Debug|Any CPU
		{0D146339-2755-4610-BD55-5C2FEDFA02A5}.Debug|x86.ActiveCfg = Debug|Any CPU
		{0D146339-2755-4610-BD55-5C2FEDFA02A5}.Release|Any CPU.ActiveCfg = Release|Any CPU
		{0D146339-2755-4610-BD55-5C2FEDFA02A5}.Release|Any CPU.Build.0 = Release|Any CPU
		{0D146339-2755-4610-BD55-5C2FEDFA02A5}.Release|Mixed Platforms.ActiveCfg = Release|Any CPU
		{0D146339-2755-4610-BD55-5C2FEDFA02A5}.Release|Mixed Platforms.Build.0 = Release|Any CPU
		{0D146339-2755-4610-BD55-5C2FEDFA02A5}.Release|x86.ActiveCfg = Release|Any CPU
	EndGlobalSection
	GlobalSection(SolutionProperties) = preSolution
		HideSolutionNode = FALSE
	EndGlobalSection
	GlobalSection(NestedProjects) = preSolution
		{3DF5D3BE-8199-4E2D-B80E-8D201A4476F3} = {0C724F83-64A7-415D-94C7-A6D0FCB2E62D}
		{72223ABD-AA42-44E1-8E95-FD26036C13BD} = {0C724F83-64A7-415D-94C7-A6D0FCB2E62D}
		{E275A12B-521A-4D92-AD1E-3DA98B106009} = {0C724F83-64A7-415D-94C7-A6D0FCB2E62D}
		{84090A02-667B-456F-9FAF-13B6A9DF4765} = {0C724F83-64A7-415D-94C7-A6D0FCB2E62D}
		{F8AB8E9D-8208-4CDC-B6F6-DD9E4CF72B8E} = {0C724F83-64A7-415D-94C7-A6D0FCB2E62D}
		{80F4D478-672E-4687-9997-0EDF466D55A8} = {9488E8F7-7D78-418B-BAEB-442A8E19274E}
		{5BC75F9C-E63F-498F-8FA7-7A7A19F2DD90} = {9488E8F7-7D78-418B-BAEB-442A8E19274E}
		{AD1F872F-E8C6-41C7-A7F0-21CCB3AE1EC1} = {9488E8F7-7D78-418B-BAEB-442A8E19274E}
		{FD19D68A-20F0-4A55-AAD4-504D44A3592D} = {9488E8F7-7D78-418B-BAEB-442A8E19274E}
		{5F931A52-5208-400C-AAB9-AA50E36F09EC} = {9488E8F7-7D78-418B-BAEB-442A8E19274E}
		{0D146339-2755-4610-BD55-5C2FEDFA02A5} = {9488E8F7-7D78-418B-BAEB-442A8E19274E}
		{9C7EAFC1-0BBE-463C-87D0-1441004BC996} = {4A007E91-23DA-4167-8A81-D3959EDBEAFD}
		{B3728D35-D9DF-45DD-AA97-A60662805968} = {4A007E91-23DA-4167-8A81-D3959EDBEAFD}
		{EAA67410-4AA1-4B02-B70B-9C6A52506584} = {4A007E91-23DA-4167-8A81-D3959EDBEAFD}
		{A89C9590-E129-49D0-BD65-EC62A31349E9} = {4A007E91-23DA-4167-8A81-D3959EDBEAFD}
		{DA3613C6-0F35-492E-89DA-49560CA56BFF} = {A89C9590-E129-49D0-BD65-EC62A31349E9}
		{90C52FD6-3998-4A1C-8682-59002C7B6AA4} = {A89C9590-E129-49D0-BD65-EC62A31349E9}
		{AFA2227D-796B-41CE-B34F-2C917C8F959C} = {A89C9590-E129-49D0-BD65-EC62A31349E9}
		{B935F0E4-A28A-4022-8BB9-ED4041691072} = {A89C9590-E129-49D0-BD65-EC62A31349E9}
		{DA541BAE-4358-41EE-BE73-9EF3534E4C78} = {6EE7ABD8-EA98-494F-B248-AA64F34CFD4B}
	EndGlobalSection
EndGlobal
